
Microsoft Visual Studio Solution File, Format Version 12.00
# Visual Studio Version 16
VisualStudioVersion = 16.0.30114.105
MinimumVisualStudioVersion = 10.0.40219.1
Project("{FAE04EC0-301F-11D3-BF4B-00C04F79EFBC}") = "API", "API\API.csproj", "{FCB6DC17-37D3-4BFC-B3C2-9D901745DD6A}"
EndProject
Project("{FAE04EC0-301F-11D3-BF4B-00C04F79EFBC}") = "Application", "Application\Application.csproj", "{AFDA92AF-9CED-4F0C-89C1-6D85AE921109}"
EndProject
Project("{FAE04EC0-301F-11D3-BF4B-00C04F79EFBC}") = "Persistence", "Persistence\Persistence.csproj", "{95FADE90-20BF-485A-AA90-CFA473C10FD1}"
EndProject
Project("{FAE04EC0-301F-11D3-BF4B-00C04F79EFBC}") = "Domain", "Domain\Domain.csproj", "{D17637D2-303C-4C04-839C-A631BD05195F}"
EndProject
Global
	GlobalSection(SolutionConfigurationPlatforms) = preSolution
		Debug|Any CPU = Debug|Any CPU
		Release|Any CPU = Release|Any CPU
	EndGlobalSection
	GlobalSection(SolutionProperties) = preSolution
		HideSolutionNode = FALSE
	EndGlobalSection
	GlobalSection(ProjectConfigurationPlatforms) = postSolution
		{FCB6DC17-37D3-4BFC-B3C2-9D901745DD6A}.Debug|Any CPU.ActiveCfg = Debug|Any CPU
		{FCB6DC17-37D3-4BFC-B3C2-9D901745DD6A}.Debug|Any CPU.Build.0 = Debug|Any CPU
		{FCB6DC17-37D3-4BFC-B3C2-9D901745DD6A}.Release|Any CPU.ActiveCfg = Release|Any CPU
		{FCB6DC17-37D3-4BFC-B3C2-9D901745DD6A}.Release|Any CPU.Build.0 = Release|Any CPU
		{AFDA92AF-9CED-4F0C-89C1-6D85AE921109}.Debug|Any CPU.ActiveCfg = Debug|Any CPU
		{AFDA92AF-9CED-4F0C-89C1-6D85AE921109}.Debug|Any CPU.Build.0 = Debug|Any CPU
		{AFDA92AF-9CED-4F0C-89C1-6D85AE921109}.Release|Any CPU.ActiveCfg = Release|Any CPU
		{AFDA92AF-9CED-4F0C-89C1-6D85AE921109}.Release|Any CPU.Build.0 = Release|Any CPU
		{95FADE90-20BF-485A-AA90-CFA473C10FD1}.Debug|Any CPU.ActiveCfg = Debug|Any CPU
		{95FADE90-20BF-485A-AA90-CFA473C10FD1}.Debug|Any CPU.Build.0 = Debug|Any CPU
		{95FADE90-20BF-485A-AA90-CFA473C10FD1}.Release|Any CPU.ActiveCfg = Release|Any CPU
		{95FADE90-20BF-485A-AA90-CFA473C10FD1}.Release|Any CPU.Build.0 = Release|Any CPU
		{D17637D2-303C-4C04-839C-A631BD05195F}.Debug|Any CPU.ActiveCfg = Debug|Any CPU
		{D17637D2-303C-4C04-839C-A631BD05195F}.Debug|Any CPU.Build.0 = Debug|Any CPU
		{D17637D2-303C-4C04-839C-A631BD05195F}.Release|Any CPU.ActiveCfg = Release|Any CPU
		{D17637D2-303C-4C04-839C-A631BD05195F}.Release|Any CPU.Build.0 = Release|Any CPU
	EndGlobalSection
EndGlobal
